
Microsoft Visual Studio Solution File, Format Version 12.00
# Visual Studio 15
VisualStudioVersion = 15.0.28010.2048
MinimumVisualStudioVersion = 10.0.40219.1
Project("{FAE04EC0-301F-11D3-BF4B-00C04F79EFBC}") = "Task7", "Task7\Task7.csproj", "{B97399CC-A810-410A-BCE6-4B6B6F388A03}"
EndProject
Project("{FAE04EC0-301F-11D3-BF4B-00C04F79EFBC}") = "ClassLibrary", "ClassLibrary\ClassLibrary.csproj", "{DC4E83C9-E518-4206-BF2D-61F777146BAF}"
EndProject
Project("{FAE04EC0-301F-11D3-BF4B-00C04F79EFBC}") = "Provider", "Provider\Provider.csproj", "{F064717F-B253-4548-9B1F-23D5F26B81D9}"
EndProject
Project("{FAE04EC0-301F-11D3-BF4B-00C04F79EFBC}") = "DataController", "DataController\DataController.csproj", "{3ADE780F-3528-494C-A6F6-E5CD6C21B5DE}"
EndProject
Project("{FAE04EC0-301F-11D3-BF4B-00C04F79EFBC}") = "DataRepresentor", "DataRepresentor\DataRepresentor.csproj", "{1BE9978A-FB93-461A-9746-999FFF2A6A05}"
EndProject
Global
	GlobalSection(SolutionConfigurationPlatforms) = preSolution
		Debug|Any CPU = Debug|Any CPU
		Release|Any CPU = Release|Any CPU
	EndGlobalSection
	GlobalSection(ProjectConfigurationPlatforms) = postSolution
		{B97399CC-A810-410A-BCE6-4B6B6F388A03}.Debug|Any CPU.ActiveCfg = Debug|Any CPU
		{B97399CC-A810-410A-BCE6-4B6B6F388A03}.Debug|Any CPU.Build.0 = Debug|Any CPU
		{B97399CC-A810-410A-BCE6-4B6B6F388A03}.Release|Any CPU.ActiveCfg = Release|Any CPU
		{B97399CC-A810-410A-BCE6-4B6B6F388A03}.Release|Any CPU.Build.0 = Release|Any CPU
		{DC4E83C9-E518-4206-BF2D-61F777146BAF}.Debug|Any CPU.ActiveCfg = Debug|Any CPU
		{DC4E83C9-E518-4206-BF2D-61F777146BAF}.Debug|Any CPU.Build.0 = Debug|Any CPU
		{DC4E83C9-E518-4206-BF2D-61F777146BAF}.Release|Any CPU.ActiveCfg = Release|Any CPU
		{DC4E83C9-E518-4206-BF2D-61F777146BAF}.Release|Any CPU.Build.0 = Release|Any CPU
		{F064717F-B253-4548-9B1F-23D5F26B81D9}.Debug|Any CPU.ActiveCfg = Debug|Any CPU
		{F064717F-B253-4548-9B1F-23D5F26B81D9}.Debug|Any CPU.Build.0 = Debug|Any CPU
		{F064717F-B253-4548-9B1F-23D5F26B81D9}.Release|Any CPU.ActiveCfg = Release|Any CPU
		{F064717F-B253-4548-9B1F-23D5F26B81D9}.Release|Any CPU.Build.0 = Release|Any CPU
		{3ADE780F-3528-494C-A6F6-E5CD6C21B5DE}.Debug|Any CPU.ActiveCfg = Debug|Any CPU
		{3ADE780F-3528-494C-A6F6-E5CD6C21B5DE}.Debug|Any CPU.Build.0 = Debug|Any CPU
		{3ADE780F-3528-494C-A6F6-E5CD6C21B5DE}.Release|Any CPU.ActiveCfg = Release|Any CPU
		{3ADE780F-3528-494C-A6F6-E5CD6C21B5DE}.Release|Any CPU.Build.0 = Release|Any CPU
		{1BE9978A-FB93-461A-9746-999FFF2A6A05}.Debug|Any CPU.ActiveCfg = Debug|Any CPU
		{1BE9978A-FB93-461A-9746-999FFF2A6A05}.Debug|Any CPU.Build.0 = Debug|Any CPU
		{1BE9978A-FB93-461A-9746-999FFF2A6A05}.Release|Any CPU.ActiveCfg = Release|Any CPU
		{1BE9978A-FB93-461A-9746-999FFF2A6A05}.Release|Any CPU.Build.0 = Release|Any CPU
	EndGlobalSection
	GlobalSection(SolutionProperties) = preSolution
		HideSolutionNode = FALSE
	EndGlobalSection
	GlobalSection(ExtensibilityGlobals) = postSolution
		SolutionGuid = {A35946BE-D9F0-4B9A-BBC6-B4880F70EEE2}
	EndGlobalSection
EndGlobal
